
Microsoft Visual Studio Solution File, Format Version 12.00
# Visual Studio Version 17
VisualStudioVersion = 17.9.34714.143
MinimumVisualStudioVersion = 10.0.40219.1
Project("{FAE04EC0-301F-11D3-BF4B-00C04F79EFBC}") = "Lab2", "Lab2.csproj", "{B7A280ED-2A8C-48A4-B6A0-C7A98EF549FF}"
EndProject
Global
	GlobalSection(SolutionConfigurationPlatforms) = preSolution
		Debug|Any CPU = Debug|Any CPU
		Release|Any CPU = Release|Any CPU
	EndGlobalSection
	GlobalSection(ProjectConfigurationPlatforms) = postSolution
		{B7A280ED-2A8C-48A4-B6A0-C7A98EF549FF}.Debug|Any CPU.ActiveCfg = Debug|Any CPU
		{B7A280ED-2A8C-48A4-B6A0-C7A98EF549FF}.Debug|Any CPU.Build.0 = Debug|Any CPU
		{B7A280ED-2A8C-48A4-B6A0-C7A98EF549FF}.Release|Any CPU.ActiveCfg = Release|Any CPU
		{B7A280ED-2A8C-48A4-B6A0-C7A98EF549FF}.Release|Any CPU.Build.0 = Release|Any CPU
	EndGlobalSection
	GlobalSection(SolutionProperties) = preSolution
		HideSolutionNode = FALSE
	EndGlobalSection
	GlobalSection(ExtensibilityGlobals) = postSolution
		SolutionGuid = {41A4AD39-8982-4A28-A411-B3F1A730F4B5}
	EndGlobalSection
EndGlobal
