
Microsoft Visual Studio Solution File, Format Version 12.00
# Visual Studio Version 17
VisualStudioVersion = 17.8.34330.188
MinimumVisualStudioVersion = 10.0.40219.1
Project("{FAE04EC0-301F-11D3-BF4B-00C04F79EFBC}") = "Lab1", "Lab1\Lab1.csproj", "{9B259A25-95F4-431D-826C-72F4BC3947B9}"
EndProject
Global
	GlobalSection(SolutionConfigurationPlatforms) = preSolution
		Debug|Any CPU = Debug|Any CPU
		Release|Any CPU = Release|Any CPU
	EndGlobalSection
	GlobalSection(ProjectConfigurationPlatforms) = postSolution
		{9B259A25-95F4-431D-826C-72F4BC3947B9}.Debug|Any CPU.ActiveCfg = Debug|Any CPU
		{9B259A25-95F4-431D-826C-72F4BC3947B9}.Debug|Any CPU.Build.0 = Debug|Any CPU
		{9B259A25-95F4-431D-826C-72F4BC3947B9}.Release|Any CPU.ActiveCfg = Release|Any CPU
		{9B259A25-95F4-431D-826C-72F4BC3947B9}.Release|Any CPU.Build.0 = Release|Any CPU
	EndGlobalSection
	GlobalSection(SolutionProperties) = preSolution
		HideSolutionNode = FALSE
	EndGlobalSection
	GlobalSection(ExtensibilityGlobals) = postSolution
		SolutionGuid = {CC9FEC51-92F9-4DAA-B3E8-2D63589F6AA7}
	EndGlobalSection
EndGlobal
