
Microsoft Visual Studio Solution File, Format Version 12.00
# Visual Studio Version 17
VisualStudioVersion = 17.8.34330.188
MinimumVisualStudioVersion = 10.0.40219.1
Project("{FAE04EC0-301F-11D3-BF4B-00C04F79EFBC}") = "Lab_1_Patterns", "Lab_1_Patterns\Lab_1_Patterns.csproj", "{B08B4D74-1285-48C1-8FF7-F21A3A7E108A}"
EndProject
Global
	GlobalSection(SolutionConfigurationPlatforms) = preSolution
		Debug|Any CPU = Debug|Any CPU
		Release|Any CPU = Release|Any CPU
	EndGlobalSection
	GlobalSection(ProjectConfigurationPlatforms) = postSolution
		{B08B4D74-1285-48C1-8FF7-F21A3A7E108A}.Debug|Any CPU.ActiveCfg = Debug|Any CPU
		{B08B4D74-1285-48C1-8FF7-F21A3A7E108A}.Debug|Any CPU.Build.0 = Debug|Any CPU
		{B08B4D74-1285-48C1-8FF7-F21A3A7E108A}.Release|Any CPU.ActiveCfg = Release|Any CPU
		{B08B4D74-1285-48C1-8FF7-F21A3A7E108A}.Release|Any CPU.Build.0 = Release|Any CPU
	EndGlobalSection
	GlobalSection(SolutionProperties) = preSolution
		HideSolutionNode = FALSE
	EndGlobalSection
	GlobalSection(ExtensibilityGlobals) = postSolution
		SolutionGuid = {038ECDCC-F55E-44F2-9BA0-7535A969D544}
	EndGlobalSection
EndGlobal
